
Microsoft Visual Studio Solution File, Format Version 12.00
# Visual Studio 2012
Project("{FAE04EC0-301F-11D3-BF4B-00C04F79EFBC}") = "Demo1", "ConsoleApplication1\Demo1.csproj", "{7BE060F4-E0E8-411B-9C42-0D9A70ADA89E}"
EndProject
Project("{FAE04EC0-301F-11D3-BF4B-00C04F79EFBC}") = "Q1", "Q1 Operations\Q1.csproj", "{F4005A5E-D66F-4173-9F29-5EE1E77C81DD}"
EndProject
Project("{FAE04EC0-301F-11D3-BF4B-00C04F79EFBC}") = "Q2", "Q2 Operation\Q2.csproj", "{48BF03CC-DEA6-44B9-8056-9AEA05E836EC}"
EndProject
Project("{FAE04EC0-301F-11D3-BF4B-00C04F79EFBC}") = "Q3", "Q3Operation\Q3.csproj", "{A4A064F0-B15D-4CCA-AE20-54BDB4EE3232}"
EndProject
Project("{FAE04EC0-301F-11D3-BF4B-00C04F79EFBC}") = "Q4", "Q4 Operations\Q4.csproj", "{BFD32F89-A668-4789-BF28-00C7D408C5E4}"
EndProject
Project("{FAE04EC0-301F-11D3-BF4B-00C04F79EFBC}") = "Q5", "Q5Operations\Q5.csproj", "{FD05100D-A2B4-4CFD-A565-963A2748EB37}"
EndProject
Project("{FAE04EC0-301F-11D3-BF4B-00C04F79EFBC}") = "Q6", "Q6_Operations\Q6.csproj", "{9AF3AA14-FEDA-4ACE-BD6D-F0F409DCA96D}"
EndProject
Project("{FAE04EC0-301F-11D3-BF4B-00C04F79EFBC}") = "Q7", "Q7Operations\Q7.csproj", "{CE9ED3BB-24E9-4066-B44A-41EE0F7B3E58}"
EndProject
Project("{FAE04EC0-301F-11D3-BF4B-00C04F79EFBC}") = "Q8", "Q8Operations\Q8.csproj", "{14A96083-11E6-4BF6-AF89-7902BD17B0F8}"
EndProject
Project("{FAE04EC0-301F-11D3-BF4B-00C04F79EFBC}") = "Q9", "Q9_Operations\Q9.csproj", "{38542FDF-6F11-47CA-A28E-A7FC849C25FC}"
EndProject
Project("{FAE04EC0-301F-11D3-BF4B-00C04F79EFBC}") = "Q10", "Q10_Opeartions\Q10.csproj", "{8FF4CCA3-FA08-4268-90E9-DD51E87CEDE9}"
EndProject
Project("{FAE04EC0-301F-11D3-BF4B-00C04F79EFBC}") = "Q11", "Q11_Opearations\Q11.csproj", "{9C6A3E60-7025-4482-BFE5-C8C6AF2C3773}"
EndProject
Project("{FAE04EC0-301F-11D3-BF4B-00C04F79EFBC}") = "Q16", "Q16_Operations\Q16.csproj", "{8D655A33-3649-4DD3-8A62-770D789CA27F}"
EndProject
Project("{FAE04EC0-301F-11D3-BF4B-00C04F79EFBC}") = "Q17", "Q17_Operations\Q17.csproj", "{C40E06C4-E45C-487D-9963-756D553CBB80}"
EndProject
Project("{FAE04EC0-301F-11D3-BF4B-00C04F79EFBC}") = "Q21", "Q21_Operations\Q21.csproj", "{926D630A-7ABE-46F8-81BF-F092908FABCE}"
EndProject
Project("{FAE04EC0-301F-11D3-BF4B-00C04F79EFBC}") = "Q22", "Q22_Operations\Q22.csproj", "{DB2D9386-1E15-4BB0-A7F8-E30AF1B9E39C}"
EndProject
Project("{FAE04EC0-301F-11D3-BF4B-00C04F79EFBC}") = "Q24", "Q24_Operations\Q24.csproj", "{BFA6444F-F00D-48C6-A062-0F2B0B60BF9A}"
EndProject
Project("{FAE04EC0-301F-11D3-BF4B-00C04F79EFBC}") = "Q11_Operations", "Q12_Operations\Q11_Operations.csproj", "{26A3D01F-E8CD-4A8C-B69E-99D822E681A3}"
EndProject
Project("{FAE04EC0-301F-11D3-BF4B-00C04F79EFBC}") = "Q12Operations", "Q12Operations\Q12Operations.csproj", "{C1BEBB08-CB8A-4317-8636-C033DF480212}"
EndProject
Project("{FAE04EC0-301F-11D3-BF4B-00C04F79EFBC}") = "Q13_Operations", "Q13_Operations\Q13_Operations.csproj", "{B901E8CB-872D-4A92-8136-8B8F8378FD19}"
EndProject
Project("{FAE04EC0-301F-11D3-BF4B-00C04F79EFBC}") = "Q18", "Q18_Operations\Q18.csproj", "{0771302B-7CC5-4761-95E7-DD3391992788}"
EndProject
Project("{FAE04EC0-301F-11D3-BF4B-00C04F79EFBC}") = "Q23", "Q23_Operations\Q23.csproj", "{C87CD0EC-FDA8-41C6-B24F-81B7DBCD2E71}"
EndProject
Project("{FAE04EC0-301F-11D3-BF4B-00C04F79EFBC}") = "Q25", "Q25_Operations\Q25.csproj", "{9A434CC9-55CA-44FE-8A72-0ABDC3C7F74E}"
EndProject
Project("{FAE04EC0-301F-11D3-BF4B-00C04F79EFBC}") = "Q15", "Q15_Operations\Q15.csproj", "{F249A9A9-F369-4474-9DA5-E96F96D97938}"
EndProject
Project("{FAE04EC0-301F-11D3-BF4B-00C04F79EFBC}") = "Q19", "Q19_Operations\Q19.csproj", "{217B7EFA-85AC-450B-B973-62D511CFF065}"
EndProject
Project("{FAE04EC0-301F-11D3-BF4B-00C04F79EFBC}") = "Q20", "ConsoleApplication2\Q20.csproj", "{8B09765C-9723-41D5-9451-0F6A9D1A74E5}"
EndProject
Global
	GlobalSection(SolutionConfigurationPlatforms) = preSolution
		Debug|Any CPU = Debug|Any CPU
		Release|Any CPU = Release|Any CPU
	EndGlobalSection
	GlobalSection(ProjectConfigurationPlatforms) = postSolution
		{7BE060F4-E0E8-411B-9C42-0D9A70ADA89E}.Debug|Any CPU.ActiveCfg = Debug|Any CPU
		{7BE060F4-E0E8-411B-9C42-0D9A70ADA89E}.Debug|Any CPU.Build.0 = Debug|Any CPU
		{7BE060F4-E0E8-411B-9C42-0D9A70ADA89E}.Release|Any CPU.ActiveCfg = Release|Any CPU
		{7BE060F4-E0E8-411B-9C42-0D9A70ADA89E}.Release|Any CPU.Build.0 = Release|Any CPU
		{F4005A5E-D66F-4173-9F29-5EE1E77C81DD}.Debug|Any CPU.ActiveCfg = Debug|Any CPU
		{F4005A5E-D66F-4173-9F29-5EE1E77C81DD}.Debug|Any CPU.Build.0 = Debug|Any CPU
		{F4005A5E-D66F-4173-9F29-5EE1E77C81DD}.Release|Any CPU.ActiveCfg = Release|Any CPU
		{F4005A5E-D66F-4173-9F29-5EE1E77C81DD}.Release|Any CPU.Build.0 = Release|Any CPU
		{48BF03CC-DEA6-44B9-8056-9AEA05E836EC}.Debug|Any CPU.ActiveCfg = Debug|Any CPU
		{48BF03CC-DEA6-44B9-8056-9AEA05E836EC}.Debug|Any CPU.Build.0 = Debug|Any CPU
		{48BF03CC-DEA6-44B9-8056-9AEA05E836EC}.Release|Any CPU.ActiveCfg = Release|Any CPU
		{48BF03CC-DEA6-44B9-8056-9AEA05E836EC}.Release|Any CPU.Build.0 = Release|Any CPU
		{A4A064F0-B15D-4CCA-AE20-54BDB4EE3232}.Debug|Any CPU.ActiveCfg = Debug|Any CPU
		{A4A064F0-B15D-4CCA-AE20-54BDB4EE3232}.Debug|Any CPU.Build.0 = Debug|Any CPU
		{A4A064F0-B15D-4CCA-AE20-54BDB4EE3232}.Release|Any CPU.ActiveCfg = Release|Any CPU
		{A4A064F0-B15D-4CCA-AE20-54BDB4EE3232}.Release|Any CPU.Build.0 = Release|Any CPU
		{BFD32F89-A668-4789-BF28-00C7D408C5E4}.Debug|Any CPU.ActiveCfg = Debug|Any CPU
		{BFD32F89-A668-4789-BF28-00C7D408C5E4}.Debug|Any CPU.Build.0 = Debug|Any CPU
		{BFD32F89-A668-4789-BF28-00C7D408C5E4}.Release|Any CPU.ActiveCfg = Release|Any CPU
		{BFD32F89-A668-4789-BF28-00C7D408C5E4}.Release|Any CPU.Build.0 = Release|Any CPU
		{FD05100D-A2B4-4CFD-A565-963A2748EB37}.Debug|Any CPU.ActiveCfg = Debug|Any CPU
		{FD05100D-A2B4-4CFD-A565-963A2748EB37}.Debug|Any CPU.Build.0 = Debug|Any CPU
		{FD05100D-A2B4-4CFD-A565-963A2748EB37}.Release|Any CPU.ActiveCfg = Release|Any CPU
		{FD05100D-A2B4-4CFD-A565-963A2748EB37}.Release|Any CPU.Build.0 = Release|Any CPU
		{9AF3AA14-FEDA-4ACE-BD6D-F0F409DCA96D}.Debug|Any CPU.ActiveCfg = Debug|Any CPU
		{9AF3AA14-FEDA-4ACE-BD6D-F0F409DCA96D}.Debug|Any CPU.Build.0 = Debug|Any CPU
		{9AF3AA14-FEDA-4ACE-BD6D-F0F409DCA96D}.Release|Any CPU.ActiveCfg = Release|Any CPU
		{9AF3AA14-FEDA-4ACE-BD6D-F0F409DCA96D}.Release|Any CPU.Build.0 = Release|Any CPU
		{CE9ED3BB-24E9-4066-B44A-41EE0F7B3E58}.Debug|Any CPU.ActiveCfg = Debug|Any CPU
		{CE9ED3BB-24E9-4066-B44A-41EE0F7B3E58}.Debug|Any CPU.Build.0 = Debug|Any CPU
		{CE9ED3BB-24E9-4066-B44A-41EE0F7B3E58}.Release|Any CPU.ActiveCfg = Release|Any CPU
		{CE9ED3BB-24E9-4066-B44A-41EE0F7B3E58}.Release|Any CPU.Build.0 = Release|Any CPU
		{14A96083-11E6-4BF6-AF89-7902BD17B0F8}.Debug|Any CPU.ActiveCfg = Debug|Any CPU
		{14A96083-11E6-4BF6-AF89-7902BD17B0F8}.Debug|Any CPU.Build.0 = Debug|Any CPU
		{14A96083-11E6-4BF6-AF89-7902BD17B0F8}.Release|Any CPU.ActiveCfg = Release|Any CPU
		{14A96083-11E6-4BF6-AF89-7902BD17B0F8}.Release|Any CPU.Build.0 = Release|Any CPU
		{38542FDF-6F11-47CA-A28E-A7FC849C25FC}.Debug|Any CPU.ActiveCfg = Debug|Any CPU
		{38542FDF-6F11-47CA-A28E-A7FC849C25FC}.Debug|Any CPU.Build.0 = Debug|Any CPU
		{38542FDF-6F11-47CA-A28E-A7FC849C25FC}.Release|Any CPU.ActiveCfg = Release|Any CPU
		{38542FDF-6F11-47CA-A28E-A7FC849C25FC}.Release|Any CPU.Build.0 = Release|Any CPU
		{8FF4CCA3-FA08-4268-90E9-DD51E87CEDE9}.Debug|Any CPU.ActiveCfg = Debug|Any CPU
		{8FF4CCA3-FA08-4268-90E9-DD51E87CEDE9}.Debug|Any CPU.Build.0 = Debug|Any CPU
		{8FF4CCA3-FA08-4268-90E9-DD51E87CEDE9}.Release|Any CPU.ActiveCfg = Release|Any CPU
		{8FF4CCA3-FA08-4268-90E9-DD51E87CEDE9}.Release|Any CPU.Build.0 = Release|Any CPU
		{9C6A3E60-7025-4482-BFE5-C8C6AF2C3773}.Debug|Any CPU.ActiveCfg = Debug|Any CPU
		{9C6A3E60-7025-4482-BFE5-C8C6AF2C3773}.Debug|Any CPU.Build.0 = Debug|Any CPU
		{9C6A3E60-7025-4482-BFE5-C8C6AF2C3773}.Release|Any CPU.ActiveCfg = Release|Any CPU
		{9C6A3E60-7025-4482-BFE5-C8C6AF2C3773}.Release|Any CPU.Build.0 = Release|Any CPU
		{8D655A33-3649-4DD3-8A62-770D789CA27F}.Debug|Any CPU.ActiveCfg = Debug|Any CPU
		{8D655A33-3649-4DD3-8A62-770D789CA27F}.Debug|Any CPU.Build.0 = Debug|Any CPU
		{8D655A33-3649-4DD3-8A62-770D789CA27F}.Release|Any CPU.ActiveCfg = Release|Any CPU
		{8D655A33-3649-4DD3-8A62-770D789CA27F}.Release|Any CPU.Build.0 = Release|Any CPU
		{C40E06C4-E45C-487D-9963-756D553CBB80}.Debug|Any CPU.ActiveCfg = Debug|Any CPU
		{C40E06C4-E45C-487D-9963-756D553CBB80}.Debug|Any CPU.Build.0 = Debug|Any CPU
		{C40E06C4-E45C-487D-9963-756D553CBB80}.Release|Any CPU.ActiveCfg = Release|Any CPU
		{C40E06C4-E45C-487D-9963-756D553CBB80}.Release|Any CPU.Build.0 = Release|Any CPU
		{926D630A-7ABE-46F8-81BF-F092908FABCE}.Debug|Any CPU.ActiveCfg = Debug|Any CPU
		{926D630A-7ABE-46F8-81BF-F092908FABCE}.Debug|Any CPU.Build.0 = Debug|Any CPU
		{926D630A-7ABE-46F8-81BF-F092908FABCE}.Release|Any CPU.ActiveCfg = Release|Any CPU
		{926D630A-7ABE-46F8-81BF-F092908FABCE}.Release|Any CPU.Build.0 = Release|Any CPU
		{DB2D9386-1E15-4BB0-A7F8-E30AF1B9E39C}.Debug|Any CPU.ActiveCfg = Debug|Any CPU
		{DB2D9386-1E15-4BB0-A7F8-E30AF1B9E39C}.Debug|Any CPU.Build.0 = Debug|Any CPU
		{DB2D9386-1E15-4BB0-A7F8-E30AF1B9E39C}.Release|Any CPU.ActiveCfg = Release|Any CPU
		{DB2D9386-1E15-4BB0-A7F8-E30AF1B9E39C}.Release|Any CPU.Build.0 = Release|Any CPU
		{BFA6444F-F00D-48C6-A062-0F2B0B60BF9A}.Debug|Any CPU.ActiveCfg = Debug|Any CPU
		{BFA6444F-F00D-48C6-A062-0F2B0B60BF9A}.Debug|Any CPU.Build.0 = Debug|Any CPU
		{BFA6444F-F00D-48C6-A062-0F2B0B60BF9A}.Release|Any CPU.ActiveCfg = Release|Any CPU
		{BFA6444F-F00D-48C6-A062-0F2B0B60BF9A}.Release|Any CPU.Build.0 = Release|Any CPU
		{26A3D01F-E8CD-4A8C-B69E-99D822E681A3}.Debug|Any CPU.ActiveCfg = Debug|Any CPU
		{26A3D01F-E8CD-4A8C-B69E-99D822E681A3}.Debug|Any CPU.Build.0 = Debug|Any CPU
		{26A3D01F-E8CD-4A8C-B69E-99D822E681A3}.Release|Any CPU.ActiveCfg = Release|Any CPU
		{26A3D01F-E8CD-4A8C-B69E-99D822E681A3}.Release|Any CPU.Build.0 = Release|Any CPU
		{C1BEBB08-CB8A-4317-8636-C033DF480212}.Debug|Any CPU.ActiveCfg = Debug|Any CPU
		{C1BEBB08-CB8A-4317-8636-C033DF480212}.Debug|Any CPU.Build.0 = Debug|Any CPU
		{C1BEBB08-CB8A-4317-8636-C033DF480212}.Release|Any CPU.ActiveCfg = Release|Any CPU
		{C1BEBB08-CB8A-4317-8636-C033DF480212}.Release|Any CPU.Build.0 = Release|Any CPU
		{B901E8CB-872D-4A92-8136-8B8F8378FD19}.Debug|Any CPU.ActiveCfg = Debug|Any CPU
		{B901E8CB-872D-4A92-8136-8B8F8378FD19}.Debug|Any CPU.Build.0 = Debug|Any CPU
		{B901E8CB-872D-4A92-8136-8B8F8378FD19}.Release|Any CPU.ActiveCfg = Release|Any CPU
		{B901E8CB-872D-4A92-8136-8B8F8378FD19}.Release|Any CPU.Build.0 = Release|Any CPU
		{0771302B-7CC5-4761-95E7-DD3391992788}.Debug|Any CPU.ActiveCfg = Debug|Any CPU
		{0771302B-7CC5-4761-95E7-DD3391992788}.Debug|Any CPU.Build.0 = Debug|Any CPU
		{0771302B-7CC5-4761-95E7-DD3391992788}.Release|Any CPU.ActiveCfg = Release|Any CPU
		{0771302B-7CC5-4761-95E7-DD3391992788}.Release|Any CPU.Build.0 = Release|Any CPU
		{C87CD0EC-FDA8-41C6-B24F-81B7DBCD2E71}.Debug|Any CPU.ActiveCfg = Debug|Any CPU
		{C87CD0EC-FDA8-41C6-B24F-81B7DBCD2E71}.Debug|Any CPU.Build.0 = Debug|Any CPU
		{C87CD0EC-FDA8-41C6-B24F-81B7DBCD2E71}.Release|Any CPU.ActiveCfg = Release|Any CPU
		{C87CD0EC-FDA8-41C6-B24F-81B7DBCD2E71}.Release|Any CPU.Build.0 = Release|Any CPU
		{9A434CC9-55CA-44FE-8A72-0ABDC3C7F74E}.Debug|Any CPU.ActiveCfg = Debug|Any CPU
		{9A434CC9-55CA-44FE-8A72-0ABDC3C7F74E}.Debug|Any CPU.Build.0 = Debug|Any CPU
		{9A434CC9-55CA-44FE-8A72-0ABDC3C7F74E}.Release|Any CPU.ActiveCfg = Release|Any CPU
		{9A434CC9-55CA-44FE-8A72-0ABDC3C7F74E}.Release|Any CPU.Build.0 = Release|Any CPU
		{F249A9A9-F369-4474-9DA5-E96F96D97938}.Debug|Any CPU.ActiveCfg = Debug|Any CPU
		{F249A9A9-F369-4474-9DA5-E96F96D97938}.Debug|Any CPU.Build.0 = Debug|Any CPU
		{F249A9A9-F369-4474-9DA5-E96F96D97938}.Release|Any CPU.ActiveCfg = Release|Any CPU
		{F249A9A9-F369-4474-9DA5-E96F96D97938}.Release|Any CPU.Build.0 = Release|Any CPU
		{217B7EFA-85AC-450B-B973-62D511CFF065}.Debug|Any CPU.ActiveCfg = Debug|Any CPU
		{217B7EFA-85AC-450B-B973-62D511CFF065}.Debug|Any CPU.Build.0 = Debug|Any CPU
		{217B7EFA-85AC-450B-B973-62D511CFF065}.Release|Any CPU.ActiveCfg = Release|Any CPU
		{217B7EFA-85AC-450B-B973-62D511CFF065}.Release|Any CPU.Build.0 = Release|Any CPU
		{8B09765C-9723-41D5-9451-0F6A9D1A74E5}.Debug|Any CPU.ActiveCfg = Debug|Any CPU
		{8B09765C-9723-41D5-9451-0F6A9D1A74E5}.Debug|Any CPU.Build.0 = Debug|Any CPU
		{8B09765C-9723-41D5-9451-0F6A9D1A74E5}.Release|Any CPU.ActiveCfg = Release|Any CPU
		{8B09765C-9723-41D5-9451-0F6A9D1A74E5}.Release|Any CPU.Build.0 = Release|Any CPU
	EndGlobalSection
	GlobalSection(SolutionProperties) = preSolution
		HideSolutionNode = FALSE
	EndGlobalSection
EndGlobal
